// !$*UTF8*$!
{
	archiveVersion = 1;
	classes = {
	};
	objectVersion = 48;
	objects = {

/* Begin PBXBuildFile section */
		B7CD6E121FEBC88200DBA29C /* main_srp.cpp in Sources */ = {isa = PBXBuildFile; fileRef = B7CD6DF41FEBC87F00DBA29C /* main_srp.cpp */; };
		B7CD6E131FEBC88200DBA29C /* GVector.cpp in Sources */ = {isa = PBXBuildFile; fileRef = B7CD6DF51FEBC87F00DBA29C /* GVector.cpp */; };
		B7CD6E141FEBC88200DBA29C /* GSphere.cpp in Sources */ = {isa = PBXBuildFile; fileRef = B7CD6DF61FEBC87F00DBA29C /* GSphere.cpp */; };
		B7CD6E151FEBC88200DBA29C /* GCylinder.cpp in Sources */ = {isa = PBXBuildFile; fileRef = B7CD6DF71FEBC87F00DBA29C /* GCylinder.cpp */; };
		B7CD6E161FEBC88200DBA29C /* GDisc.cpp in Sources */ = {isa = PBXBuildFile; fileRef = B7CD6DF81FEBC87F00DBA29C /* GDisc.cpp */; };
		B7CD6E171FEBC88200DBA29C /* GGeometry.cpp in Sources */ = {isa = PBXBuildFile; fileRef = B7CD6DFA1FEBC87F00DBA29C /* GGeometry.cpp */; };
		B7CD6E181FEBC88200DBA29C /* GParaboloid.cpp in Sources */ = {isa = PBXBuildFile; fileRef = B7CD6DFB1FEBC87F00DBA29C /* GParaboloid.cpp */; };
		B7CD6E191FEBC88200DBA29C /* GScene.cpp in Sources */ = {isa = PBXBuildFile; fileRef = B7CD6DFE1FEBC87F00DBA29C /* GScene.cpp */; };
		B7CD6E1A1FEBC88200DBA29C /* GBoundingBox.cpp in Sources */ = {isa = PBXBuildFile; fileRef = B7CD6DFF1FEBC87F00DBA29C /* GBoundingBox.cpp */; };
		B7CD6E1C1FEBC88200DBA29C /* GKDTree.cpp in Sources */ = {isa = PBXBuildFile; fileRef = B7CD6E031FEBC88000DBA29C /* GKDTree.cpp */; };
		B7CD6E1D1FEBC88200DBA29C /* GRayTracer.cpp in Sources */ = {isa = PBXBuildFile; fileRef = B7CD6E041FEBC88000DBA29C /* GRayTracer.cpp */; };
		B7CD6E1E1FEBC88200DBA29C /* GPolygon.cpp in Sources */ = {isa = PBXBuildFile; fileRef = B7CD6E061FEBC88000DBA29C /* GPolygon.cpp */; };
		B7CD6E1F1FEBC88200DBA29C /* GPixelArray.cpp in Sources */ = {isa = PBXBuildFile; fileRef = B7CD6E071FEBC88000DBA29C /* GPixelArray.cpp */; };
		B7CD6E211FEBC88200DBA29C /* GCone.cpp in Sources */ = {isa = PBXBuildFile; fileRef = B7CD6E0E1FEBC88100DBA29C /* GCone.cpp */; };
		B7CD6E221FEBC88200DBA29C /* GRing.cpp in Sources */ = {isa = PBXBuildFile; fileRef = B7CD6E101FEBC88100DBA29C /* GRing.cpp */; };
/* End PBXBuildFile section */

/* Begin PBXCopyFilesBuildPhase section */
		B7CD6DE61FEBC82900DBA29C /* CopyFiles */ = {
			isa = PBXCopyFilesBuildPhase;
			buildActionMask = 2147483647;
			dstPath = /usr/share/man/man1/;
			dstSubfolderSpec = 0;
			files = (
			);
			runOnlyForDeploymentPostprocessing = 1;
		};
/* End PBXCopyFilesBuildPhase section */

/* Begin PBXFileReference section */
		B7CD6DE81FEBC82900DBA29C /* mySRP */ = {isa = PBXFileReference; explicitFileType = "compiled.mach-o.executable"; includeInIndex = 0; path = mySRP; sourceTree = BUILT_PRODUCTS_DIR; };
		B7CD6DF21FEBC87F00DBA29C /* GRayTracer.hpp */ = {isa = PBXFileReference; fileEncoding = 4; lastKnownFileType = sourcecode.cpp.h; path = GRayTracer.hpp; sourceTree = "<group>"; };
		B7CD6DF31FEBC87F00DBA29C /* GCylinder.hpp */ = {isa = PBXFileReference; fileEncoding = 4; lastKnownFileType = sourcecode.cpp.h; path = GCylinder.hpp; sourceTree = "<group>"; };
		B7CD6DF41FEBC87F00DBA29C /* main_srp.cpp */ = {isa = PBXFileReference; fileEncoding = 4; lastKnownFileType = sourcecode.cpp.cpp; path = main_srp.cpp; sourceTree = "<group>"; };
		B7CD6DF51FEBC87F00DBA29C /* GVector.cpp */ = {isa = PBXFileReference; fileEncoding = 4; lastKnownFileType = sourcecode.cpp.cpp; path = GVector.cpp; sourceTree = "<group>"; };
		B7CD6DF61FEBC87F00DBA29C /* GSphere.cpp */ = {isa = PBXFileReference; fileEncoding = 4; lastKnownFileType = sourcecode.cpp.cpp; path = GSphere.cpp; sourceTree = "<group>"; };
		B7CD6DF71FEBC87F00DBA29C /* GCylinder.cpp */ = {isa = PBXFileReference; fileEncoding = 4; lastKnownFileType = sourcecode.cpp.cpp; path = GCylinder.cpp; sourceTree = "<group>"; };
		B7CD6DF81FEBC87F00DBA29C /* GDisc.cpp */ = {isa = PBXFileReference; fileEncoding = 4; lastKnownFileType = sourcecode.cpp.cpp; path = GDisc.cpp; sourceTree = "<group>"; };
		B7CD6DF91FEBC87F00DBA29C /* GGeometry.hpp */ = {isa = PBXFileReference; fileEncoding = 4; lastKnownFileType = sourcecode.cpp.h; path = GGeometry.hpp; sourceTree = "<group>"; };
		B7CD6DFA1FEBC87F00DBA29C /* GGeometry.cpp */ = {isa = PBXFileReference; fileEncoding = 4; lastKnownFileType = sourcecode.cpp.cpp; path = GGeometry.cpp; sourceTree = "<group>"; };
		B7CD6DFB1FEBC87F00DBA29C /* GParaboloid.cpp */ = {isa = PBXFileReference; fileEncoding = 4; lastKnownFileType = sourcecode.cpp.cpp; path = GParaboloid.cpp; sourceTree = "<group>"; };
		B7CD6DFC1FEBC87F00DBA29C /* GRay.h */ = {isa = PBXFileReference; fileEncoding = 4; lastKnownFileType = sourcecode.c.h; path = GRay.h; sourceTree = "<group>"; };
		B7CD6DFD1FEBC87F00DBA29C /* GPixelArray.hpp */ = {isa = PBXFileReference; fileEncoding = 4; lastKnownFileType = sourcecode.cpp.h; path = GPixelArray.hpp; sourceTree = "<group>"; };
		B7CD6DFE1FEBC87F00DBA29C /* GScene.cpp */ = {isa = PBXFileReference; fileEncoding = 4; lastKnownFileType = sourcecode.cpp.cpp; path = GScene.cpp; sourceTree = "<group>"; };
		B7CD6DFF1FEBC87F00DBA29C /* GBoundingBox.cpp */ = {isa = PBXFileReference; fileEncoding = 4; lastKnownFileType = sourcecode.cpp.cpp; path = GBoundingBox.cpp; sourceTree = "<group>"; };
		B7CD6E001FEBC88000DBA29C /* GPolygon.hpp */ = {isa = PBXFileReference; fileEncoding = 4; lastKnownFileType = sourcecode.cpp.h; path = GPolygon.hpp; sourceTree = "<group>"; };
		B7CD6E021FEBC88000DBA29C /* GScene.hpp */ = {isa = PBXFileReference; fileEncoding = 4; lastKnownFileType = sourcecode.cpp.h; path = GScene.hpp; sourceTree = "<group>"; };
		B7CD6E031FEBC88000DBA29C /* GKDTree.cpp */ = {isa = PBXFileReference; fileEncoding = 4; lastKnownFileType = sourcecode.cpp.cpp; path = GKDTree.cpp; sourceTree = "<group>"; };
		B7CD6E041FEBC88000DBA29C /* GRayTracer.cpp */ = {isa = PBXFileReference; fileEncoding = 4; lastKnownFileType = sourcecode.cpp.cpp; path = GRayTracer.cpp; sourceTree = "<group>"; };
		B7CD6E051FEBC88000DBA29C /* GBoundingBox.hpp */ = {isa = PBXFileReference; fileEncoding = 4; lastKnownFileType = sourcecode.cpp.h; path = GBoundingBox.hpp; sourceTree = "<group>"; };
		B7CD6E061FEBC88000DBA29C /* GPolygon.cpp */ = {isa = PBXFileReference; fileEncoding = 4; lastKnownFileType = sourcecode.cpp.cpp; path = GPolygon.cpp; sourceTree = "<group>"; };
		B7CD6E071FEBC88000DBA29C /* GPixelArray.cpp */ = {isa = PBXFileReference; fileEncoding = 4; lastKnownFileType = sourcecode.cpp.cpp; path = GPixelArray.cpp; sourceTree = "<group>"; };
		B7CD6E081FEBC88000DBA29C /* GSphere.hpp */ = {isa = PBXFileReference; fileEncoding = 4; lastKnownFileType = sourcecode.cpp.h; path = GSphere.hpp; sourceTree = "<group>"; };
		B7CD6E091FEBC88100DBA29C /* GVector.hpp */ = {isa = PBXFileReference; fileEncoding = 4; lastKnownFileType = sourcecode.cpp.h; path = GVector.hpp; sourceTree = "<group>"; };
		B7CD6E0B1FEBC88100DBA29C /* GDisc.hpp */ = {isa = PBXFileReference; fileEncoding = 4; lastKnownFileType = sourcecode.cpp.h; path = GDisc.hpp; sourceTree = "<group>"; };
		B7CD6E0C1FEBC88100DBA29C /* GRing.hpp */ = {isa = PBXFileReference; fileEncoding = 4; lastKnownFileType = sourcecode.cpp.h; path = GRing.hpp; sourceTree = "<group>"; };
		B7CD6E0D1FEBC88100DBA29C /* GKDTree.hpp */ = {isa = PBXFileReference; fileEncoding = 4; lastKnownFileType = sourcecode.cpp.h; path = GKDTree.hpp; sourceTree = "<group>"; };
		B7CD6E0E1FEBC88100DBA29C /* GCone.cpp */ = {isa = PBXFileReference; fileEncoding = 4; lastKnownFileType = sourcecode.cpp.cpp; path = GCone.cpp; sourceTree = "<group>"; };
		B7CD6E0F1FEBC88100DBA29C /* GParaboloid.hpp */ = {isa = PBXFileReference; fileEncoding = 4; lastKnownFileType = sourcecode.cpp.h; path = GParaboloid.hpp; sourceTree = "<group>"; };
		B7CD6E101FEBC88100DBA29C /* GRing.cpp */ = {isa = PBXFileReference; fileEncoding = 4; lastKnownFileType = sourcecode.cpp.cpp; path = GRing.cpp; sourceTree = "<group>"; };
		B7CD6E111FEBC88200DBA29C /* GCone.hpp */ = {isa = PBXFileReference; fileEncoding = 4; lastKnownFileType = sourcecode.cpp.h; path = GCone.hpp; sourceTree = "<group>"; };
/* End PBXFileReference section */

/* Begin PBXFrameworksBuildPhase section */
		B7CD6DE51FEBC82900DBA29C /* Frameworks */ = {
			isa = PBXFrameworksBuildPhase;
			buildActionMask = 2147483647;
			files = (
			);
			runOnlyForDeploymentPostprocessing = 0;
		};
/* End PBXFrameworksBuildPhase section */

/* Begin PBXGroup section */
		B7CD6DDF1FEBC82900DBA29C = {
			isa = PBXGroup;
			children = (
				B7CD6DEA1FEBC82900DBA29C /* mySRP */,
				B7CD6DE91FEBC82900DBA29C /* Products */,
			);
			sourceTree = "<group>";
		};
		B7CD6DE91FEBC82900DBA29C /* Products */ = {
			isa = PBXGroup;
			children = (
				B7CD6DE81FEBC82900DBA29C /* mySRP */,
			);
			name = Products;
			sourceTree = "<group>";
		};
		B7CD6DEA1FEBC82900DBA29C /* mySRP */ = {
			isa = PBXGroup;
			children = (
				B7CD6DFF1FEBC87F00DBA29C /* GBoundingBox.cpp */,
				B7CD6E051FEBC88000DBA29C /* GBoundingBox.hpp */,
				B7CD6E0E1FEBC88100DBA29C /* GCone.cpp */,
				B7CD6E111FEBC88200DBA29C /* GCone.hpp */,
				B7CD6DF71FEBC87F00DBA29C /* GCylinder.cpp */,
				B7CD6DF31FEBC87F00DBA29C /* GCylinder.hpp */,
				B7CD6DF81FEBC87F00DBA29C /* GDisc.cpp */,
				B7CD6E0B1FEBC88100DBA29C /* GDisc.hpp */,
				B7CD6DFA1FEBC87F00DBA29C /* GGeometry.cpp */,
				B7CD6DF91FEBC87F00DBA29C /* GGeometry.hpp */,
				B7CD6E031FEBC88000DBA29C /* GKDTree.cpp */,
				B7CD6E0D1FEBC88100DBA29C /* GKDTree.hpp */,
				B7CD6DFB1FEBC87F00DBA29C /* GParaboloid.cpp */,
				B7CD6E0F1FEBC88100DBA29C /* GParaboloid.hpp */,
				B7CD6E071FEBC88000DBA29C /* GPixelArray.cpp */,
				B7CD6DFD1FEBC87F00DBA29C /* GPixelArray.hpp */,
				B7CD6E061FEBC88000DBA29C /* GPolygon.cpp */,
				B7CD6E001FEBC88000DBA29C /* GPolygon.hpp */,
				B7CD6DFC1FEBC87F00DBA29C /* GRay.h */,
				B7CD6E041FEBC88000DBA29C /* GRayTracer.cpp */,
				B7CD6DF21FEBC87F00DBA29C /* GRayTracer.hpp */,
				B7CD6E101FEBC88100DBA29C /* GRing.cpp */,
				B7CD6E0C1FEBC88100DBA29C /* GRing.hpp */,
				B7CD6DFE1FEBC87F00DBA29C /* GScene.cpp */,
				B7CD6E021FEBC88000DBA29C /* GScene.hpp */,
				B7CD6DF61FEBC87F00DBA29C /* GSphere.cpp */,
				B7CD6E081FEBC88000DBA29C /* GSphere.hpp */,
				B7CD6DF51FEBC87F00DBA29C /* GVector.cpp */,
				B7CD6E091FEBC88100DBA29C /* GVector.hpp */,
				B7CD6DF41FEBC87F00DBA29C /* main_srp.cpp */,
			);
			path = mySRP;
			sourceTree = "<group>";
		};
/* End PBXGroup section */

/* Begin PBXNativeTarget section */
		B7CD6DE71FEBC82900DBA29C /* mySRP */ = {
			isa = PBXNativeTarget;
			buildConfigurationList = B7CD6DEF1FEBC82900DBA29C /* Build configuration list for PBXNativeTarget "mySRP" */;
			buildPhases = (
				B7CD6DE41FEBC82900DBA29C /* Sources */,
				B7CD6DE51FEBC82900DBA29C /* Frameworks */,
				B7CD6DE61FEBC82900DBA29C /* CopyFiles */,
			);
			buildRules = (
			);
			dependencies = (
			);
			name = mySRP;
			productName = mySRP;
			productReference = B7CD6DE81FEBC82900DBA29C /* mySRP */;
			productType = "com.apple.product-type.tool";
		};
/* End PBXNativeTarget section */

/* Begin PBXProject section */
		B7CD6DE01FEBC82900DBA29C /* Project object */ = {
			isa = PBXProject;
			attributes = {
				LastUpgradeCheck = 0920;
				ORGANIZATIONNAME = "李桢";
				TargetAttributes = {
					B7CD6DE71FEBC82900DBA29C = {
						CreatedOnToolsVersion = 9.2;
						ProvisioningStyle = Automatic;
					};
				};
			};
			buildConfigurationList = B7CD6DE31FEBC82900DBA29C /* Build configuration list for PBXProject "mySRP" */;
			compatibilityVersion = "Xcode 8.0";
			developmentRegion = en;
			hasScannedForEncodings = 0;
			knownRegions = (
				en,
			);
			mainGroup = B7CD6DDF1FEBC82900DBA29C;
			productRefGroup = B7CD6DE91FEBC82900DBA29C /* Products */;
			projectDirPath = "";
			projectRoot = "";
			targets = (
				B7CD6DE71FEBC82900DBA29C /* mySRP */,
			);
		};
/* End PBXProject section */

/* Begin PBXSourcesBuildPhase section */
		B7CD6DE41FEBC82900DBA29C /* Sources */ = {
			isa = PBXSourcesBuildPhase;
			buildActionMask = 2147483647;
			files = (
				B7CD6E1A1FEBC88200DBA29C /* GBoundingBox.cpp in Sources */,
				B7CD6E191FEBC88200DBA29C /* GScene.cpp in Sources */,
				B7CD6E131FEBC88200DBA29C /* GVector.cpp in Sources */,
				B7CD6E1D1FEBC88200DBA29C /* GRayTracer.cpp in Sources */,
				B7CD6E161FEBC88200DBA29C /* GDisc.cpp in Sources */,
				B7CD6E141FEBC88200DBA29C /* GSphere.cpp in Sources */,
				B7CD6E211FEBC88200DBA29C /* GCone.cpp in Sources */,
				B7CD6E171FEBC88200DBA29C /* GGeometry.cpp in Sources */,
				B7CD6E1C1FEBC88200DBA29C /* GKDTree.cpp in Sources */,
				B7CD6E121FEBC88200DBA29C /* main_srp.cpp in Sources */,
				B7CD6E181FEBC88200DBA29C /* GParaboloid.cpp in Sources */,
				B7CD6E221FEBC88200DBA29C /* GRing.cpp in Sources */,
				B7CD6E151FEBC88200DBA29C /* GCylinder.cpp in Sources */,
				B7CD6E1F1FEBC88200DBA29C /* GPixelArray.cpp in Sources */,
				B7CD6E1E1FEBC88200DBA29C /* GPolygon.cpp in Sources */,
			);
			runOnlyForDeploymentPostprocessing = 0;
		};
/* End PBXSourcesBuildPhase section */

/* Begin XCBuildConfiguration section */
		B7CD6DED1FEBC82900DBA29C /* Debug */ = {
			isa = XCBuildConfiguration;
			buildSettings = {
				ALWAYS_SEARCH_USER_PATHS = NO;
				CLANG_ANALYZER_NONNULL = YES;
				CLANG_ANALYZER_NUMBER_OBJECT_CONVERSION = YES_AGGRESSIVE;
				CLANG_CXX_LANGUAGE_STANDARD = "gnu++14";
				CLANG_CXX_LIBRARY = "libc++";
				CLANG_ENABLE_MODULES = YES;
				CLANG_ENABLE_OBJC_ARC = YES;
				CLANG_WARN_BLOCK_CAPTURE_AUTORELEASING = YES;
				CLANG_WARN_BOOL_CONVERSION = YES;
				CLANG_WARN_COMMA = YES;
				CLANG_WARN_CONSTANT_CONVERSION = YES;
				CLANG_WARN_DIRECT_OBJC_ISA_USAGE = YES_ERROR;
				CLANG_WARN_DOCUMENTATION_COMMENTS = YES;
				CLANG_WARN_EMPTY_BODY = YES;
				CLANG_WARN_ENUM_CONVERSION = YES;
				CLANG_WARN_INFINITE_RECURSION = YES;
				CLANG_WARN_INT_CONVERSION = YES;
				CLANG_WARN_NON_LITERAL_NULL_CONVERSION = YES;
				CLANG_WARN_OBJC_LITERAL_CONVERSION = YES;
				CLANG_WARN_OBJC_ROOT_CLASS = YES_ERROR;
				CLANG_WARN_RANGE_LOOP_ANALYSIS = YES;
				CLANG_WARN_STRICT_PROTOTYPES = YES;
				CLANG_WARN_SUSPICIOUS_MOVE = YES;
				CLANG_WARN_UNGUARDED_AVAILABILITY = YES_AGGRESSIVE;
				CLANG_WARN_UNREACHABLE_CODE = YES;
				CLANG_WARN__DUPLICATE_METHOD_MATCH = YES;
				CODE_SIGN_IDENTITY = "Mac Developer";
				COPY_PHASE_STRIP = NO;
				DEBUG_INFORMATION_FORMAT = dwarf;
				ENABLE_STRICT_OBJC_MSGSEND = YES;
				ENABLE_TESTABILITY = YES;
				GCC_C_LANGUAGE_STANDARD = gnu11;
				GCC_DYNAMIC_NO_PIC = NO;
				GCC_NO_COMMON_BLOCKS = YES;
				GCC_OPTIMIZATION_LEVEL = 0;
				GCC_PREPROCESSOR_DEFINITIONS = (
					"DEBUG=1",
					"$(inherited)",
				);
				GCC_WARN_64_TO_32_BIT_CONVERSION = YES;
				GCC_WARN_ABOUT_RETURN_TYPE = YES_ERROR;
				GCC_WARN_UNDECLARED_SELECTOR = YES;
				GCC_WARN_UNINITIALIZED_AUTOS = YES_AGGRESSIVE;
				GCC_WARN_UNUSED_FUNCTION = YES;
				GCC_WARN_UNUSED_VARIABLE = YES;
				MACOSX_DEPLOYMENT_TARGET = 10.13;
				MTL_ENABLE_DEBUG_INFO = YES;
				ONLY_ACTIVE_ARCH = YES;
				SDKROOT = macosx;
			};
			name = Debug;
		};
		B7CD6DEE1FEBC82900DBA29C /* Release */ = {
			isa = XCBuildConfiguration;
			buildSettings = {
				ALWAYS_SEARCH_USER_PATHS = NO;
				CLANG_ANALYZER_NONNULL = YES;
				CLANG_ANALYZER_NUMBER_OBJECT_CONVERSION = YES_AGGRESSIVE;
				CLANG_CXX_LANGUAGE_STANDARD = "gnu++14";
				CLANG_CXX_LIBRARY = "libc++";
				CLANG_ENABLE_MODULES = YES;
				CLANG_ENABLE_OBJC_ARC = YES;
				CLANG_WARN_BLOCK_CAPTURE_AUTORELEASING = YES;
				CLANG_WARN_BOOL_CONVERSION = YES;
				CLANG_WARN_COMMA = YES;
				CLANG_WARN_CONSTANT_CONVERSION = YES;
				CLANG_WARN_DIRECT_OBJC_ISA_USAGE = YES_ERROR;
				CLANG_WARN_DOCUMENTATION_COMMENTS = YES;
				CLANG_WARN_EMPTY_BODY = YES;
				CLANG_WARN_ENUM_CONVERSION = YES;
				CLANG_WARN_INFINITE_RECURSION = YES;
				CLANG_WARN_INT_CONVERSION = YES;
				CLANG_WARN_NON_LITERAL_NULL_CONVERSION = YES;
				CLANG_WARN_OBJC_LITERAL_CONVERSION = YES;
				CLANG_WARN_OBJC_ROOT_CLASS = YES_ERROR;
				CLANG_WARN_RANGE_LOOP_ANALYSIS = YES;
				CLANG_WARN_STRICT_PROTOTYPES = YES;
				CLANG_WARN_SUSPICIOUS_MOVE = YES;
				CLANG_WARN_UNGUARDED_AVAILABILITY = YES_AGGRESSIVE;
				CLANG_WARN_UNREACHABLE_CODE = YES;
				CLANG_WARN__DUPLICATE_METHOD_MATCH = YES;
				CODE_SIGN_IDENTITY = "Mac Developer";
				COPY_PHASE_STRIP = NO;
				DEBUG_INFORMATION_FORMAT = "dwarf-with-dsym";
				ENABLE_NS_ASSERTIONS = NO;
				ENABLE_STRICT_OBJC_MSGSEND = YES;
				GCC_C_LANGUAGE_STANDARD = gnu11;
				GCC_NO_COMMON_BLOCKS = YES;
				GCC_WARN_64_TO_32_BIT_CONVERSION = YES;
				GCC_WARN_ABOUT_RETURN_TYPE = YES_ERROR;
				GCC_WARN_UNDECLARED_SELECTOR = YES;
				GCC_WARN_UNINITIALIZED_AUTOS = YES_AGGRESSIVE;
				GCC_WARN_UNUSED_FUNCTION = YES;
				GCC_WARN_UNUSED_VARIABLE = YES;
				MACOSX_DEPLOYMENT_TARGET = 10.13;
				MTL_ENABLE_DEBUG_INFO = NO;
				SDKROOT = macosx;
			};
			name = Release;
		};
		B7CD6DF01FEBC82900DBA29C /* Debug */ = {
			isa = XCBuildConfiguration;
			buildSettings = {
				CODE_SIGN_STYLE = Automatic;
				DEVELOPMENT_TEAM = KMC756EGPG;
				PRODUCT_NAME = "$(TARGET_NAME)";
			};
			name = Debug;
		};
		B7CD6DF11FEBC82900DBA29C /* Release */ = {
			isa = XCBuildConfiguration;
			buildSettings = {
				CODE_SIGN_STYLE = Automatic;
				DEVELOPMENT_TEAM = KMC756EGPG;
				PRODUCT_NAME = "$(TARGET_NAME)";
			};
			name = Release;
		};
/* End XCBuildConfiguration section */

/* Begin XCConfigurationList section */
		B7CD6DE31FEBC82900DBA29C /* Build configuration list for PBXProject "mySRP" */ = {
			isa = XCConfigurationList;
			buildConfigurations = (
				B7CD6DED1FEBC82900DBA29C /* Debug */,
				B7CD6DEE1FEBC82900DBA29C /* Release */,
			);
			defaultConfigurationIsVisible = 0;
			defaultConfigurationName = Release;
		};
		B7CD6DEF1FEBC82900DBA29C /* Build configuration list for PBXNativeTarget "mySRP" */ = {
			isa = XCConfigurationList;
			buildConfigurations = (
				B7CD6DF01FEBC82900DBA29C /* Debug */,
				B7CD6DF11FEBC82900DBA29C /* Release */,
			);
			defaultConfigurationIsVisible = 0;
			defaultConfigurationName = Release;
		};
/* End XCConfigurationList section */
	};
	rootObject = B7CD6DE01FEBC82900DBA29C /* Project object */;
}
